{
  "lib\\account-abstraction": {
    "tag": {
      "name": "v0.9.0-1-g1c6b669",
      "rev": "1c6b669d0eea734e09a87e095ba15e076151718a"
    }
  },
  "lib\\forge-std": {
    "tag": {
      "name": "v1.14.0-20-g3db6467",
      "rev": "3db6467879cba79685bf05e3b46fed02699303ec"
    }
  },
  "lib\\openzeppelin-contracts": {
    "tag": {
      "name": "v4.8.0-1106-g43ea73bc",
      "rev": "43ea73bc10bd336c53a9fa9f758f20b5bf2fff3b"
    }
  }
}